
Microsoft Visual Studio Solution File, Format Version 12.00
# Visual Studio Version 17
VisualStudioVersion = 17.3.32929.385
MinimumVisualStudioVersion = 10.0.40219.1
Project("{FAE04EC0-301F-11D3-BF4B-00C04F79EFBC}") = "Anonymous", "Anonymous\Anonymous.csproj", "{B7D4AD52-64EC-4FFD-BA90-F036674458A3}"
EndProject
Global
	GlobalSection(SolutionConfigurationPlatforms) = preSolution
		Debug|Any CPU = Debug|Any CPU
		Release|Any CPU = Release|Any CPU
	EndGlobalSection
	GlobalSection(ProjectConfigurationPlatforms) = postSolution
		{B7D4AD52-64EC-4FFD-BA90-F036674458A3}.Debug|Any CPU.ActiveCfg = Debug|Any CPU
		{B7D4AD52-64EC-4FFD-BA90-F036674458A3}.Debug|Any CPU.Build.0 = Debug|Any CPU
		{B7D4AD52-64EC-4FFD-BA90-F036674458A3}.Release|Any CPU.ActiveCfg = Release|Any CPU
		{B7D4AD52-64EC-4FFD-BA90-F036674458A3}.Release|Any CPU.Build.0 = Release|Any CPU
	EndGlobalSection
	GlobalSection(SolutionProperties) = preSolution
		HideSolutionNode = FALSE
	EndGlobalSection
	GlobalSection(ExtensibilityGlobals) = postSolution
		SolutionGuid = {AACC78F1-AAB9-4A67-8B20-0D8F59CCCF7F}
	EndGlobalSection
EndGlobal
